
Microsoft Visual Studio Solution File, Format Version 12.00
# Visual Studio Version 17
VisualStudioVersion = 17.14.36401.2 d17.14
MinimumVisualStudioVersion = 10.0.40219.1
Project("{FAE04EC0-301F-11D3-BF4B-00C04F79EFBC}") = "CustomerConsoleAppTutorial4", "CustomerConsoleAppTutorial4\CustomerConsoleAppTutorial4.csproj", "{15EA8AF7-A99B-4F57-8E9F-835753A37434}"
EndProject
Global
	GlobalSection(SolutionConfigurationPlatforms) = preSolution
		Debug|Any CPU = Debug|Any CPU
		Release|Any CPU = Release|Any CPU
	EndGlobalSection
	GlobalSection(ProjectConfigurationPlatforms) = postSolution
		{15EA8AF7-A99B-4F57-8E9F-835753A37434}.Debug|Any CPU.ActiveCfg = Debug|Any CPU
		{15EA8AF7-A99B-4F57-8E9F-835753A37434}.Debug|Any CPU.Build.0 = Debug|Any CPU
		{15EA8AF7-A99B-4F57-8E9F-835753A37434}.Release|Any CPU.ActiveCfg = Release|Any CPU
		{15EA8AF7-A99B-4F57-8E9F-835753A37434}.Release|Any CPU.Build.0 = Release|Any CPU
	EndGlobalSection
	GlobalSection(SolutionProperties) = preSolution
		HideSolutionNode = FALSE
	EndGlobalSection
	GlobalSection(ExtensibilityGlobals) = postSolution
		SolutionGuid = {591AC23F-84EA-4F99-B84A-A5009EDC644B}
	EndGlobalSection
EndGlobal
